// !$*UTF8*$!
{
	archiveVersion = 1;
	classes = {
	};
	objectVersion = 56;
	objects = {

/* Begin PBXBuildFile section */
		1112910D28ABDA430067FBF7 /* HonnminApp.swift in Sources */ = {isa = PBXBuildFile; fileRef = 1112910C28ABDA430067FBF7 /* HonnminApp.swift */; };
		1112910F28ABDA430067FBF7 /* ContentView.swift in Sources */ = {isa = PBXBuildFile; fileRef = 1112910E28ABDA430067FBF7 /* ContentView.swift */; };
		1112911128ABDA430067FBF7 /* Assets.xcassets in Resources */ = {isa = PBXBuildFile; fileRef = 1112911028ABDA430067FBF7 /* Assets.xcassets */; };
		1112911428ABDA430067FBF7 /* Preview Assets.xcassets in Resources */ = {isa = PBXBuildFile; fileRef = 1112911328ABDA430067FBF7 /* Preview Assets.xcassets */; };
		1112911B28ABDAB20067FBF7 /* GoogleService-Info.plist in Resources */ = {isa = PBXBuildFile; fileRef = 1112911A28ABDAB10067FBF7 /* GoogleService-Info.plist */; };
		1112911F28ABDB200067FBF7 /* SplashView.swift in Sources */ = {isa = PBXBuildFile; fileRef = 1112911E28ABDB200067FBF7 /* SplashView.swift */; };
		1112912128ABDB2C0067FBF7 /* LoginPage.swift in Sources */ = {isa = PBXBuildFile; fileRef = 1112912028ABDB2C0067FBF7 /* LoginPage.swift */; };
		1112912328ABDB3A0067FBF7 /* LoginViewModel.swift in Sources */ = {isa = PBXBuildFile; fileRef = 1112912228ABDB3A0067FBF7 /* LoginViewModel.swift */; };
		1112912628ABDB7A0067FBF7 /* HighlightedTextEditor in Frameworks */ = {isa = PBXBuildFile; productRef = 1112912528ABDB7A0067FBF7 /* HighlightedTextEditor */; };
		1112912928ABDC6B0067FBF7 /* FirebaseAuth in Frameworks */ = {isa = PBXBuildFile; productRef = 1112912828ABDC6B0067FBF7 /* FirebaseAuth */; };
		1112912B28ABDC6B0067FBF7 /* FirebaseFirestore in Frameworks */ = {isa = PBXBuildFile; productRef = 1112912A28ABDC6B0067FBF7 /* FirebaseFirestore */; };
		1112912E28ABDCBE0067FBF7 /* Lottie in Frameworks */ = {isa = PBXBuildFile; productRef = 1112912D28ABDCBE0067FBF7 /* Lottie */; };
		1112913028ABDD050067FBF7 /* Splash2.json in Resources */ = {isa = PBXBuildFile; fileRef = 1112912F28ABDD050067FBF7 /* Splash2.json */; };
		1115FC4828C8F45E0095B2A7 /* Dfunc+CoreDataClass.swift in Sources */ = {isa = PBXBuildFile; fileRef = 1115FC4628C8F45E0095B2A7 /* Dfunc+CoreDataClass.swift */; };
		1115FC4928C8F45E0095B2A7 /* Dfunc+CoreDataProperties.swift in Sources */ = {isa = PBXBuildFile; fileRef = 1115FC4728C8F45E0095B2A7 /* Dfunc+CoreDataProperties.swift */; };
		11654C7A28C792480023EBF7 /* Persistence.swift in Sources */ = {isa = PBXBuildFile; fileRef = 11654C7928C792480023EBF7 /* Persistence.swift */; };
		11654C7D28C793290023EBF7 /* HoonMin.xcdatamodeld in Sources */ = {isa = PBXBuildFile; fileRef = 11654C7B28C793290023EBF7 /* HoonMin.xcdatamodeld */; };
		1197F16528F474FF005429E5 /* ProjectSelectView.swift in Sources */ = {isa = PBXBuildFile; fileRef = 1197F16428F474FF005429E5 /* ProjectSelectView.swift */; };
		119E4A202903F9D800C40AF8 /* TutorialView.swift in Sources */ = {isa = PBXBuildFile; fileRef = 119E4A1F2903F9D800C40AF8 /* TutorialView.swift */; };
		11E065F8291BB0B400A8CF36 /* extensions.swift in Sources */ = {isa = PBXBuildFile; fileRef = 11E065F7291BB0B400A8CF36 /* extensions.swift */; };
/* End PBXBuildFile section */

/* Begin PBXFileReference section */
		110D7A0528FFF0570046D626 /* Info.plist */ = {isa = PBXFileReference; lastKnownFileType = text.plist; path = Info.plist; sourceTree = "<group>"; };
		1112910928ABDA430067FBF7 /* Honnmin.app */ = {isa = PBXFileReference; explicitFileType = wrapper.application; includeInIndex = 0; path = Honnmin.app; sourceTree = BUILT_PRODUCTS_DIR; };
		1112910C28ABDA430067FBF7 /* HonnminApp.swift */ = {isa = PBXFileReference; lastKnownFileType = sourcecode.swift; path = HonnminApp.swift; sourceTree = "<group>"; };
		1112910E28ABDA430067FBF7 /* ContentView.swift */ = {isa = PBXFileReference; lastKnownFileType = sourcecode.swift; path = ContentView.swift; sourceTree = "<group>"; };
		1112911028ABDA430067FBF7 /* Assets.xcassets */ = {isa = PBXFileReference; lastKnownFileType = folder.assetcatalog; path = Assets.xcassets; sourceTree = "<group>"; };
		1112911328ABDA430067FBF7 /* Preview Assets.xcassets */ = {isa = PBXFileReference; lastKnownFileType = folder.assetcatalog; path = "Preview Assets.xcassets"; sourceTree = "<group>"; };
		1112911A28ABDAB10067FBF7 /* GoogleService-Info.plist */ = {isa = PBXFileReference; fileEncoding = 4; lastKnownFileType = text.plist.xml; path = "GoogleService-Info.plist"; sourceTree = "<group>"; };
		1112911E28ABDB200067FBF7 /* SplashView.swift */ = {isa = PBXFileReference; lastKnownFileType = sourcecode.swift; path = SplashView.swift; sourceTree = "<group>"; };
		1112912028ABDB2C0067FBF7 /* LoginPage.swift */ = {isa = PBXFileReference; lastKnownFileType = sourcecode.swift; path = LoginPage.swift; sourceTree = "<group>"; };
		1112912228ABDB3A0067FBF7 /* LoginViewModel.swift */ = {isa = PBXFileReference; lastKnownFileType = sourcecode.swift; path = LoginViewModel.swift; sourceTree = "<group>"; };
		1112912F28ABDD050067FBF7 /* Splash2.json */ = {isa = PBXFileReference; fileEncoding = 4; lastKnownFileType = text.json; path = Splash2.json; sourceTree = "<group>"; };
		1115FC4628C8F45E0095B2A7 /* Dfunc+CoreDataClass.swift */ = {isa = PBXFileReference; lastKnownFileType = sourcecode.swift; path = "Dfunc+CoreDataClass.swift"; sourceTree = "<group>"; };
		1115FC4728C8F45E0095B2A7 /* Dfunc+CoreDataProperties.swift */ = {isa = PBXFileReference; lastKnownFileType = sourcecode.swift; path = "Dfunc+CoreDataProperties.swift"; sourceTree = "<group>"; };
		11185CC928CC3E3600C0361F /* Honnmin.entitlements */ = {isa = PBXFileReference; lastKnownFileType = text.plist.entitlements; path = Honnmin.entitlements; sourceTree = "<group>"; };
		11654C7928C792480023EBF7 /* Persistence.swift */ = {isa = PBXFileReference; lastKnownFileType = sourcecode.swift; path = Persistence.swift; sourceTree = "<group>"; };
		11654C7C28C793290023EBF7 /* HoonMin.xcdatamodel */ = {isa = PBXFileReference; lastKnownFileType = wrapper.xcdatamodel; path = HoonMin.xcdatamodel; sourceTree = "<group>"; };
		1197F16428F474FF005429E5 /* ProjectSelectView.swift */ = {isa = PBXFileReference; lastKnownFileType = sourcecode.swift; path = ProjectSelectView.swift; sourceTree = "<group>"; };
		119E4A1F2903F9D800C40AF8 /* TutorialView.swift */ = {isa = PBXFileReference; lastKnownFileType = sourcecode.swift; path = TutorialView.swift; sourceTree = "<group>"; };
		11E065F7291BB0B400A8CF36 /* extensions.swift */ = {isa = PBXFileReference; lastKnownFileType = sourcecode.swift; path = extensions.swift; sourceTree = "<group>"; };
/* End PBXFileReference section */

/* Begin PBXFrameworksBuildPhase section */
		1112910628ABDA420067FBF7 /* Frameworks */ = {
			isa = PBXFrameworksBuildPhase;
			buildActionMask = 2147483647;
			files = (
				1112912628ABDB7A0067FBF7 /* HighlightedTextEditor in Frameworks */,
				1112912928ABDC6B0067FBF7 /* FirebaseAuth in Frameworks */,
				1112912B28ABDC6B0067FBF7 /* FirebaseFirestore in Frameworks */,
				1112912E28ABDCBE0067FBF7 /* Lottie in Frameworks */,
			);
			runOnlyForDeploymentPostprocessing = 0;
		};
/* End PBXFrameworksBuildPhase section */

/* Begin PBXGroup section */
		1112910028ABDA420067FBF7 = {
			isa = PBXGroup;
			children = (
				1115FC4628C8F45E0095B2A7 /* Dfunc+CoreDataClass.swift */,
				1115FC4728C8F45E0095B2A7 /* Dfunc+CoreDataProperties.swift */,
				1112910B28ABDA430067FBF7 /* Honnmin */,
				1112910A28ABDA430067FBF7 /* Products */,
			);
			sourceTree = "<group>";
		};
		1112910A28ABDA430067FBF7 /* Products */ = {
			isa = PBXGroup;
			children = (
				1112910928ABDA430067FBF7 /* Honnmin.app */,
			);
			name = Products;
			sourceTree = "<group>";
		};
		1112910B28ABDA430067FBF7 /* Honnmin */ = {
			isa = PBXGroup;
			children = (
				11E065F6291BB0A700A8CF36 /* Extensions */,
				110D7A0528FFF0570046D626 /* Info.plist */,
				11185CC928CC3E3600C0361F /* Honnmin.entitlements */,
				1112911D28ABDB0C0067FBF7 /* View */,
				1112911C28ABDAE50067FBF7 /* ViewModel */,
				1112911A28ABDAB10067FBF7 /* GoogleService-Info.plist */,
				1112910C28ABDA430067FBF7 /* HonnminApp.swift */,
				1112911028ABDA430067FBF7 /* Assets.xcassets */,
				1112912F28ABDD050067FBF7 /* Splash2.json */,
				1112911228ABDA430067FBF7 /* Preview Content */,
				11654C7928C792480023EBF7 /* Persistence.swift */,
				11654C7B28C793290023EBF7 /* HoonMin.xcdatamodeld */,
			);
			path = Honnmin;
			sourceTree = "<group>";
		};
		1112911228ABDA430067FBF7 /* Preview Content */ = {
			isa = PBXGroup;
			children = (
				1112911328ABDA430067FBF7 /* Preview Assets.xcassets */,
			);
			path = "Preview Content";
			sourceTree = "<group>";
		};
		1112911C28ABDAE50067FBF7 /* ViewModel */ = {
			isa = PBXGroup;
			children = (
				1112912228ABDB3A0067FBF7 /* LoginViewModel.swift */,
			);
			path = ViewModel;
			sourceTree = "<group>";
		};
		1112911D28ABDB0C0067FBF7 /* View */ = {
			isa = PBXGroup;
			children = (
				1112910E28ABDA430067FBF7 /* ContentView.swift */,
				1197F16428F474FF005429E5 /* ProjectSelectView.swift */,
				1112911E28ABDB200067FBF7 /* SplashView.swift */,
				1112912028ABDB2C0067FBF7 /* LoginPage.swift */,
				119E4A1F2903F9D800C40AF8 /* TutorialView.swift */,
			);
			path = View;
			sourceTree = "<group>";
		};
		11E065F6291BB0A700A8CF36 /* Extensions */ = {
			isa = PBXGroup;
			children = (
				11E065F7291BB0B400A8CF36 /* extensions.swift */,
			);
			path = Extensions;
			sourceTree = "<group>";
		};
/* End PBXGroup section */

/* Begin PBXNativeTarget section */
		1112910828ABDA420067FBF7 /* Honnmin */ = {
			isa = PBXNativeTarget;
			buildConfigurationList = 1112911728ABDA430067FBF7 /* Build configuration list for PBXNativeTarget "Honnmin" */;
			buildPhases = (
				1112910528ABDA420067FBF7 /* Sources */,
				1112910628ABDA420067FBF7 /* Frameworks */,
				1112910728ABDA420067FBF7 /* Resources */,
			);
			buildRules = (
			);
			dependencies = (
			);
			name = Honnmin;
			packageProductDependencies = (
				1112912528ABDB7A0067FBF7 /* HighlightedTextEditor */,
				1112912828ABDC6B0067FBF7 /* FirebaseAuth */,
				1112912A28ABDC6B0067FBF7 /* FirebaseFirestore */,
				1112912D28ABDCBE0067FBF7 /* Lottie */,
			);
			productName = Honnmin;
			productReference = 1112910928ABDA430067FBF7 /* Honnmin.app */;
			productType = "com.apple.product-type.application";
		};
/* End PBXNativeTarget section */

/* Begin PBXProject section */
		1112910128ABDA420067FBF7 /* Project object */ = {
			isa = PBXProject;
			attributes = {
				BuildIndependentTargetsInParallel = 1;
				LastSwiftUpdateCheck = 1400;
				LastUpgradeCheck = 1400;
				TargetAttributes = {
					1112910828ABDA420067FBF7 = {
						CreatedOnToolsVersion = 14.0;
					};
				};
			};
			buildConfigurationList = 1112910428ABDA420067FBF7 /* Build configuration list for PBXProject "Honnmin" */;
			compatibilityVersion = "Xcode 14.0";
			developmentRegion = en;
			hasScannedForEncodings = 0;
			knownRegions = (
				en,
				Base,
			);
			mainGroup = 1112910028ABDA420067FBF7;
			packageReferences = (
				1112912428ABDB7A0067FBF7 /* XCRemoteSwiftPackageReference "HighlightedTextEditor" */,
				1112912728ABDC6B0067FBF7 /* XCRemoteSwiftPackageReference "firebase-ios-sdk" */,
				1112912C28ABDCBD0067FBF7 /* XCRemoteSwiftPackageReference "lottie-ios" */,
			);
			productRefGroup = 1112910A28ABDA430067FBF7 /* Products */;
			projectDirPath = "";
			projectRoot = "";
			targets = (
				1112910828ABDA420067FBF7 /* Honnmin */,
			);
		};
/* End PBXProject section */

/* Begin PBXResourcesBuildPhase section */
		1112910728ABDA420067FBF7 /* Resources */ = {
			isa = PBXResourcesBuildPhase;
			buildActionMask = 2147483647;
			files = (
				1112911428ABDA430067FBF7 /* Preview Assets.xcassets in Resources */,
				1112913028ABDD050067FBF7 /* Splash2.json in Resources */,
				1112911128ABDA430067FBF7 /* Assets.xcassets in Resources */,
				1112911B28ABDAB20067FBF7 /* GoogleService-Info.plist in Resources */,
			);
			runOnlyForDeploymentPostprocessing = 0;
		};
/* End PBXResourcesBuildPhase section */

/* Begin PBXSourcesBuildPhase section */
		1112910528ABDA420067FBF7 /* Sources */ = {
			isa = PBXSourcesBuildPhase;
			buildActionMask = 2147483647;
			files = (
				1197F16528F474FF005429E5 /* ProjectSelectView.swift in Sources */,
				1115FC4828C8F45E0095B2A7 /* Dfunc+CoreDataClass.swift in Sources */,
				1112912128ABDB2C0067FBF7 /* LoginPage.swift in Sources */,
				1115FC4928C8F45E0095B2A7 /* Dfunc+CoreDataProperties.swift in Sources */,
				1112910F28ABDA430067FBF7 /* ContentView.swift in Sources */,
				1112910D28ABDA430067FBF7 /* HonnminApp.swift in Sources */,
				11654C7A28C792480023EBF7 /* Persistence.swift in Sources */,
				119E4A202903F9D800C40AF8 /* TutorialView.swift in Sources */,
				1112912328ABDB3A0067FBF7 /* LoginViewModel.swift in Sources */,
				1112911F28ABDB200067FBF7 /* SplashView.swift in Sources */,
				11654C7D28C793290023EBF7 /* HoonMin.xcdatamodeld in Sources */,
				11E065F8291BB0B400A8CF36 /* extensions.swift in Sources */,
			);
			runOnlyForDeploymentPostprocessing = 0;
		};
/* End PBXSourcesBuildPhase section */

/* Begin XCBuildConfiguration section */
		1112911528ABDA430067FBF7 /* Debug */ = {
			isa = XCBuildConfiguration;
			buildSettings = {
				ALWAYS_SEARCH_USER_PATHS = NO;
				CLANG_ANALYZER_NONNULL = YES;
				CLANG_ANALYZER_NUMBER_OBJECT_CONVERSION = YES_AGGRESSIVE;
				CLANG_CXX_LANGUAGE_STANDARD = "gnu++20";
				CLANG_ENABLE_MODULES = YES;
				CLANG_ENABLE_OBJC_ARC = YES;
				CLANG_ENABLE_OBJC_WEAK = YES;
				CLANG_WARN_BLOCK_CAPTURE_AUTORELEASING = YES;
				CLANG_WARN_BOOL_CONVERSION = YES;
				CLANG_WARN_COMMA = YES;
				CLANG_WARN_CONSTANT_CONVERSION = YES;
				CLANG_WARN_DEPRECATED_OBJC_IMPLEMENTATIONS = YES;
				CLANG_WARN_DIRECT_OBJC_ISA_USAGE = YES_ERROR;
				CLANG_WARN_DOCUMENTATION_COMMENTS = YES;
				CLANG_WARN_EMPTY_BODY = YES;
				CLANG_WARN_ENUM_CONVERSION = YES;
				CLANG_WARN_INFINITE_RECURSION = YES;
				CLANG_WARN_INT_CONVERSION = YES;
				CLANG_WARN_NON_LITERAL_NULL_CONVERSION = YES;
				CLANG_WARN_OBJC_IMPLICIT_RETAIN_SELF = YES;
				CLANG_WARN_OBJC_LITERAL_CONVERSION = YES;
				CLANG_WARN_OBJC_ROOT_CLASS = YES_ERROR;
				CLANG_WARN_QUOTED_INCLUDE_IN_FRAMEWORK_HEADER = YES;
				CLANG_WARN_RANGE_LOOP_ANALYSIS = YES;
				CLANG_WARN_STRICT_PROTOTYPES = YES;
				CLANG_WARN_SUSPICIOUS_MOVE = YES;
				CLANG_WARN_UNGUARDED_AVAILABILITY = YES_AGGRESSIVE;
				CLANG_WARN_UNREACHABLE_CODE = YES;
				CLANG_WARN__DUPLICATE_METHOD_MATCH = YES;
				COPY_PHASE_STRIP = NO;
				DEBUG_INFORMATION_FORMAT = dwarf;
				ENABLE_STRICT_OBJC_MSGSEND = YES;
				ENABLE_TESTABILITY = YES;
				GCC_C_LANGUAGE_STANDARD = gnu11;
				GCC_DYNAMIC_NO_PIC = NO;
				GCC_NO_COMMON_BLOCKS = YES;
				GCC_OPTIMIZATION_LEVEL = 0;
				GCC_PREPROCESSOR_DEFINITIONS = (
					"DEBUG=1",
					"$(inherited)",
				);
				GCC_WARN_64_TO_32_BIT_CONVERSION = YES;
				GCC_WARN_ABOUT_RETURN_TYPE = YES_ERROR;
				GCC_WARN_UNDECLARED_SELECTOR = YES;
				GCC_WARN_UNINITIALIZED_AUTOS = YES_AGGRESSIVE;
				GCC_WARN_UNUSED_FUNCTION = YES;
				GCC_WARN_UNUSED_VARIABLE = YES;
				IPHONEOS_DEPLOYMENT_TARGET = 16.0;
				MTL_ENABLE_DEBUG_INFO = INCLUDE_SOURCE;
				MTL_FAST_MATH = YES;
				ONLY_ACTIVE_ARCH = YES;
				SDKROOT = iphoneos;
				SWIFT_ACTIVE_COMPILATION_CONDITIONS = DEBUG;
				SWIFT_OPTIMIZATION_LEVEL = "-Onone";
			};
			name = Debug;
		};
		1112911628ABDA430067FBF7 /* Release */ = {
			isa = XCBuildConfiguration;
			buildSettings = {
				ALWAYS_SEARCH_USER_PATHS = NO;
				CLANG_ANALYZER_NONNULL = YES;
				CLANG_ANALYZER_NUMBER_OBJECT_CONVERSION = YES_AGGRESSIVE;
				CLANG_CXX_LANGUAGE_STANDARD = "gnu++20";
				CLANG_ENABLE_MODULES = YES;
				CLANG_ENABLE_OBJC_ARC = YES;
				CLANG_ENABLE_OBJC_WEAK = YES;
				CLANG_WARN_BLOCK_CAPTURE_AUTORELEASING = YES;
				CLANG_WARN_BOOL_CONVERSION = YES;
				CLANG_WARN_COMMA = YES;
				CLANG_WARN_CONSTANT_CONVERSION = YES;
				CLANG_WARN_DEPRECATED_OBJC_IMPLEMENTATIONS = YES;
				CLANG_WARN_DIRECT_OBJC_ISA_USAGE = YES_ERROR;
				CLANG_WARN_DOCUMENTATION_COMMENTS = YES;
				CLANG_WARN_EMPTY_BODY = YES;
				CLANG_WARN_ENUM_CONVERSION = YES;
				CLANG_WARN_INFINITE_RECURSION = YES;
				CLANG_WARN_INT_CONVERSION = YES;
				CLANG_WARN_NON_LITERAL_NULL_CONVERSION = YES;
				CLANG_WARN_OBJC_IMPLICIT_RETAIN_SELF = YES;
				CLANG_WARN_OBJC_LITERAL_CONVERSION = YES;
				CLANG_WARN_OBJC_ROOT_CLASS = YES_ERROR;
				CLANG_WARN_QUOTED_INCLUDE_IN_FRAMEWORK_HEADER = YES;
				CLANG_WARN_RANGE_LOOP_ANALYSIS = YES;
				CLANG_WARN_STRICT_PROTOTYPES = YES;
				CLANG_WARN_SUSPICIOUS_MOVE = YES;
				CLANG_WARN_UNGUARDED_AVAILABILITY = YES_AGGRESSIVE;
				CLANG_WARN_UNREACHABLE_CODE = YES;
				CLANG_WARN__DUPLICATE_METHOD_MATCH = YES;
				COPY_PHASE_STRIP = NO;
				DEBUG_INFORMATION_FORMAT = "dwarf-with-dsym";
				ENABLE_NS_ASSERTIONS = NO;
				ENABLE_STRICT_OBJC_MSGSEND = YES;
				GCC_C_LANGUAGE_STANDARD = gnu11;
				GCC_NO_COMMON_BLOCKS = YES;
				GCC_WARN_64_TO_32_BIT_CONVERSION = YES;
				GCC_WARN_ABOUT_RETURN_TYPE = YES_ERROR;
				GCC_WARN_UNDECLARED_SELECTOR = YES;
				GCC_WARN_UNINITIALIZED_AUTOS = YES_AGGRESSIVE;
				GCC_WARN_UNUSED_FUNCTION = YES;
				GCC_WARN_UNUSED_VARIABLE = YES;
				IPHONEOS_DEPLOYMENT_TARGET = 16.0;
				MTL_ENABLE_DEBUG_INFO = NO;
				MTL_FAST_MATH = YES;
				SDKROOT = iphoneos;
				SWIFT_COMPILATION_MODE = wholemodule;
				SWIFT_OPTIMIZATION_LEVEL = "-O";
				VALIDATE_PRODUCT = YES;
			};
			name = Release;
		};
		1112911828ABDA430067FBF7 /* Debug */ = {
			isa = XCBuildConfiguration;
			buildSettings = {
				ASSETCATALOG_COMPILER_APPICON_NAME = AppIcon;
				ASSETCATALOG_COMPILER_GLOBAL_ACCENT_COLOR_NAME = AccentColor;
				CODE_SIGN_ENTITLEMENTS = Honnmin/Honnmin.entitlements;
				CODE_SIGN_STYLE = Automatic;
				CURRENT_PROJECT_VERSION = 1;
				DEVELOPMENT_ASSET_PATHS = "\"Honnmin/Preview Content\"";
				DEVELOPMENT_TEAM = CSXLM2UHR7;
				ENABLE_PREVIEWS = YES;
				GENERATE_INFOPLIST_FILE = YES;
				INFOPLIST_FILE = Honnmin/Info.plist;
				INFOPLIST_KEY_CFBundleDisplayName = "훈민정음";
				INFOPLIST_KEY_LSApplicationCategoryType = "public.app-category.education";
				INFOPLIST_KEY_UIApplicationSceneManifest_Generation = YES;
				INFOPLIST_KEY_UIApplicationSupportsIndirectInputEvents = YES;
				INFOPLIST_KEY_UILaunchScreen_Generation = YES;
				INFOPLIST_KEY_UIRequiresFullScreen = YES;
				INFOPLIST_KEY_UISupportedInterfaceOrientations = UIInterfaceOrientationPortrait;
				INFOPLIST_KEY_UISupportedInterfaceOrientations_iPad = "UIInterfaceOrientationLandscapeLeft UIInterfaceOrientationLandscapeRight";
				IPHONEOS_DEPLOYMENT_TARGET = 15.0;
				LD_RUNPATH_SEARCH_PATHS = (
					"$(inherited)",
					"@executable_path/Frameworks",
				);
				MARKETING_VERSION = 1.0;
				PRODUCT_BUNDLE_IDENTIFIER = com.semtle.HoonMin.Beta;
				PRODUCT_NAME = "$(TARGET_NAME)";
				SUPPORTED_PLATFORMS = "iphoneos iphonesimulator";
				SUPPORTS_MACCATALYST = NO;
				SUPPORTS_MAC_DESIGNED_FOR_IPHONE_IPAD = YES;
				SWIFT_EMIT_LOC_STRINGS = YES;
				SWIFT_VERSION = 5.0;
				TARGETED_DEVICE_FAMILY = "1,2";
			};
			name = Debug;
		};
		1112911928ABDA430067FBF7 /* Release */ = {
			isa = XCBuildConfiguration;
			buildSettings = {
				ASSETCATALOG_COMPILER_APPICON_NAME = AppIcon;
				ASSETCATALOG_COMPILER_GLOBAL_ACCENT_COLOR_NAME = AccentColor;
				CODE_SIGN_ENTITLEMENTS = Honnmin/Honnmin.entitlements;
				CODE_SIGN_STYLE = Automatic;
				CURRENT_PROJECT_VERSION = 1;
				DEVELOPMENT_ASSET_PATHS = "\"Honnmin/Preview Content\"";
				DEVELOPMENT_TEAM = CSXLM2UHR7;
				ENABLE_PREVIEWS = YES;
				GENERATE_INFOPLIST_FILE = YES;
				INFOPLIST_FILE = Honnmin/Info.plist;
				INFOPLIST_KEY_CFBundleDisplayName = "훈민정음";
				INFOPLIST_KEY_LSApplicationCategoryType = "public.app-category.education";
				INFOPLIST_KEY_UIApplicationSceneManifest_Generation = YES;
				INFOPLIST_KEY_UIApplicationSupportsIndirectInputEvents = YES;
				INFOPLIST_KEY_UILaunchScreen_Generation = YES;
				INFOPLIST_KEY_UIRequiresFullScreen = YES;
				INFOPLIST_KEY_UISupportedInterfaceOrientations = UIInterfaceOrientationPortrait;
				INFOPLIST_KEY_UISupportedInterfaceOrientations_iPad = "UIInterfaceOrientationLandscapeLeft UIInterfaceOrientationLandscapeRight";
				IPHONEOS_DEPLOYMENT_TARGET = 15.0;
				LD_RUNPATH_SEARCH_PATHS = (
					"$(inherited)",
					"@executable_path/Frameworks",
				);
				MARKETING_VERSION = 1.0;
				PRODUCT_BUNDLE_IDENTIFIER = com.semtle.HoonMin.Beta;
				PRODUCT_NAME = "$(TARGET_NAME)";
				SUPPORTED_PLATFORMS = "iphoneos iphonesimulator";
				SUPPORTS_MACCATALYST = NO;
				SUPPORTS_MAC_DESIGNED_FOR_IPHONE_IPAD = YES;
				SWIFT_EMIT_LOC_STRINGS = YES;
				SWIFT_VERSION = 5.0;
				TARGETED_DEVICE_FAMILY = "1,2";
			};
			name = Release;
		};
/* End XCBuildConfiguration section */

/* Begin XCConfigurationList section */
		1112910428ABDA420067FBF7 /* Build configuration list for PBXProject "Honnmin" */ = {
			isa = XCConfigurationList;
			buildConfigurations = (
				1112911528ABDA430067FBF7 /* Debug */,
				1112911628ABDA430067FBF7 /* Release */,
			);
			defaultConfigurationIsVisible = 0;
			defaultConfigurationName = Release;
		};
		1112911728ABDA430067FBF7 /* Build configuration list for PBXNativeTarget "Honnmin" */ = {
			isa = XCConfigurationList;
			buildConfigurations = (
				1112911828ABDA430067FBF7 /* Debug */,
				1112911928ABDA430067FBF7 /* Release */,
			);
			defaultConfigurationIsVisible = 0;
			defaultConfigurationName = Release;
		};
/* End XCConfigurationList section */

/* Begin XCRemoteSwiftPackageReference section */
		1112912428ABDB7A0067FBF7 /* XCRemoteSwiftPackageReference "HighlightedTextEditor" */ = {
			isa = XCRemoteSwiftPackageReference;
			repositoryURL = "https://github.com/kyle-n/HighlightedTextEditor";
			requirement = {
				branch = main;
				kind = branch;
			};
		};
		1112912728ABDC6B0067FBF7 /* XCRemoteSwiftPackageReference "firebase-ios-sdk" */ = {
			isa = XCRemoteSwiftPackageReference;
			repositoryURL = "https://github.com/firebase/firebase-ios-sdk.git";
			requirement = {
				branch = master;
				kind = branch;
			};
		};
		1112912C28ABDCBD0067FBF7 /* XCRemoteSwiftPackageReference "lottie-ios" */ = {
			isa = XCRemoteSwiftPackageReference;
			repositoryURL = "https://github.com/airbnb/lottie-ios.git";
			requirement = {
				branch = master;
				kind = branch;
			};
		};
/* End XCRemoteSwiftPackageReference section */

/* Begin XCSwiftPackageProductDependency section */
		1112912528ABDB7A0067FBF7 /* HighlightedTextEditor */ = {
			isa = XCSwiftPackageProductDependency;
			package = 1112912428ABDB7A0067FBF7 /* XCRemoteSwiftPackageReference "HighlightedTextEditor" */;
			productName = HighlightedTextEditor;
		};
		1112912828ABDC6B0067FBF7 /* FirebaseAuth */ = {
			isa = XCSwiftPackageProductDependency;
			package = 1112912728ABDC6B0067FBF7 /* XCRemoteSwiftPackageReference "firebase-ios-sdk" */;
			productName = FirebaseAuth;
		};
		1112912A28ABDC6B0067FBF7 /* FirebaseFirestore */ = {
			isa = XCSwiftPackageProductDependency;
			package = 1112912728ABDC6B0067FBF7 /* XCRemoteSwiftPackageReference "firebase-ios-sdk" */;
			productName = FirebaseFirestore;
		};
		1112912D28ABDCBE0067FBF7 /* Lottie */ = {
			isa = XCSwiftPackageProductDependency;
			package = 1112912C28ABDCBD0067FBF7 /* XCRemoteSwiftPackageReference "lottie-ios" */;
			productName = Lottie;
		};
/* End XCSwiftPackageProductDependency section */

/* Begin XCVersionGroup section */
		11654C7B28C793290023EBF7 /* HoonMin.xcdatamodeld */ = {
			isa = XCVersionGroup;
			children = (
				11654C7C28C793290023EBF7 /* HoonMin.xcdatamodel */,
			);
			currentVersion = 11654C7C28C793290023EBF7 /* HoonMin.xcdatamodel */;
			path = HoonMin.xcdatamodeld;
			sourceTree = "<group>";
			versionGroupType = wrapper.xcdatamodel;
		};
/* End XCVersionGroup section */
	};
	rootObject = 1112910128ABDA420067FBF7 /* Project object */;
}
